
Microsoft Visual Studio Solution File, Format Version 12.00
# Visual Studio Version 17
VisualStudioVersion = 17.9.34728.123
MinimumVisualStudioVersion = 10.0.40219.1
Project("{9A19103F-16F7-4668-BE54-9A1E7A4F7556}") = "Urdveil", "Urdveil.csproj", "{70BB23E8-B3B1-401A-A371-A49A9E14FF21}"
EndProject
Global
	GlobalSection(SolutionConfigurationPlatforms) = preSolution
		Debug|Any CPU = Debug|Any CPU
		Release|Any CPU = Release|Any CPU
	EndGlobalSection
	GlobalSection(ProjectConfigurationPlatforms) = postSolution
		{70BB23E8-B3B1-401A-A371-A49A9E14FF21}.Debug|Any CPU.ActiveCfg = Debug|Any CPU
		{70BB23E8-B3B1-401A-A371-A49A9E14FF21}.Debug|Any CPU.Build.0 = Debug|Any CPU
		{70BB23E8-B3B1-401A-A371-A49A9E14FF21}.Release|Any CPU.ActiveCfg = Release|Any CPU
		{70BB23E8-B3B1-401A-A371-A49A9E14FF21}.Release|Any CPU.Build.0 = Release|Any CPU
	EndGlobalSection
	GlobalSection(SolutionProperties) = preSolution
		HideSolutionNode = FALSE
	EndGlobalSection
	GlobalSection(ExtensibilityGlobals) = postSolution
		SolutionGuid = {209A8AD9-EC7F-4C37-BACB-63BC33C3D1D3}
	EndGlobalSection
EndGlobal
